
Microsoft Visual Studio Solution File, Format Version 12.00
# Visual Studio 15
VisualStudioVersion = 15.0.27130.2036
MinimumVisualStudioVersion = 10.0.40219.1
Project("{FAE04EC0-301F-11D3-BF4B-00C04F79EFBC}") = "MvvmLightSample1", "MvvmLightSample1\MvvmLightSample1.csproj", "{D98FF4B5-A07A-4533-81A5-1129265FD478}"
EndProject
Project("{FAE04EC0-301F-11D3-BF4B-00C04F79EFBC}") = "Uv5kiNbxSimV2", "Uv5kiNbxSimV2\Uv5kiNbxSimV2.csproj", "{62B80DD6-F1D3-4C10-A92F-16220D41D6CA}"
EndProject
Project("{FAE04EC0-301F-11D3-BF4B-00C04F79EFBC}") = "CoreSipNet", "CoreSipNet\CoreSipNet.csproj", "{D09E025F-67C2-48E5-A2A1-ECFCD860DEA1}"
EndProject
Project("{FAE04EC0-301F-11D3-BF4B-00C04F79EFBC}") = "RadioVoipSimV2", "RadioVoipSimV2\RadioVoipSimV2.csproj", "{4BCEAC81-E484-400E-94C9-907307A5D353}"
EndProject
Project("{FAE04EC0-301F-11D3-BF4B-00C04F79EFBC}") = "MyWpfControlLibrary", "MyWpfControlLibrary\MyWpfControlLibrary.csproj", "{678B39B1-249E-4940-8B8D-CBFDB345AE70}"
EndProject
Project("{FAE04EC0-301F-11D3-BF4B-00C04F79EFBC}") = "UnitsTestProject", "UnitsTestProject\UnitsTestProject.csproj", "{37752576-079C-4768-8386-D6CEFE5FFFEC}"
EndProject
Project("{FAE04EC0-301F-11D3-BF4B-00C04F79EFBC}") = "BkkSimV2", "BkkSimV2\BkkSimV2.csproj", "{B9E0F6D0-AB35-49F2-92AB-A3898C4CE39C}"
EndProject
Project("{FAE04EC0-301F-11D3-BF4B-00C04F79EFBC}") = "NuMvvmServices", "NuMvvmServices\NuMvvmServices.csproj", "{93817174-EBEE-4A9B-8FC7-A29D6DC40715}"
EndProject
Project("{2150E333-8FDC-42A3-9474-1A3956D46DE8}") = "Comunes", "Comunes", "{AD3B3FD7-91D2-4FEC-AAC7-6F21F1791D1C}"
EndProject
Project("{2150E333-8FDC-42A3-9474-1A3956D46DE8}") = "Pruebas", "Pruebas", "{9BA35D38-BDB5-4236-8945-567C6F02DE02}"
EndProject
Project("{2150E333-8FDC-42A3-9474-1A3956D46DE8}") = "Ejemplos", "Ejemplos", "{1CB44196-9CB8-417F-B046-3DFF3653BB5F}"
EndProject
Project("{FAE04EC0-301F-11D3-BF4B-00C04F79EFBC}") = "SipServicesSimul", "SipServicesSimul\SipServicesSimul.csproj", "{18D66F22-1FAB-439A-8D2E-460220821737}"
EndProject
Project("{FAE04EC0-301F-11D3-BF4B-00C04F79EFBC}") = "Proxy", "ProxySample\Proxy.csproj", "{6D9D74C7-5718-44F7-A4AC-D0C258C2EE48}"
EndProject
Global
	GlobalSection(SolutionConfigurationPlatforms) = preSolution
		Debug|Any CPU = Debug|Any CPU
		Debug|x86 = Debug|x86
		Release|Any CPU = Release|Any CPU
		Release|x86 = Release|x86
	EndGlobalSection
	GlobalSection(ProjectConfigurationPlatforms) = postSolution
		{D98FF4B5-A07A-4533-81A5-1129265FD478}.Debug|Any CPU.ActiveCfg = Debug|Any CPU
		{D98FF4B5-A07A-4533-81A5-1129265FD478}.Debug|Any CPU.Build.0 = Debug|Any CPU
		{D98FF4B5-A07A-4533-81A5-1129265FD478}.Debug|x86.ActiveCfg = Debug|Any CPU
		{D98FF4B5-A07A-4533-81A5-1129265FD478}.Debug|x86.Build.0 = Debug|Any CPU
		{D98FF4B5-A07A-4533-81A5-1129265FD478}.Release|Any CPU.ActiveCfg = Release|Any CPU
		{D98FF4B5-A07A-4533-81A5-1129265FD478}.Release|Any CPU.Build.0 = Release|Any CPU
		{D98FF4B5-A07A-4533-81A5-1129265FD478}.Release|x86.ActiveCfg = Release|Any CPU
		{D98FF4B5-A07A-4533-81A5-1129265FD478}.Release|x86.Build.0 = Release|Any CPU
		{62B80DD6-F1D3-4C10-A92F-16220D41D6CA}.Debug|Any CPU.ActiveCfg = Debug|Any CPU
		{62B80DD6-F1D3-4C10-A92F-16220D41D6CA}.Debug|Any CPU.Build.0 = Debug|Any CPU
		{62B80DD6-F1D3-4C10-A92F-16220D41D6CA}.Debug|x86.ActiveCfg = Debug|Any CPU
		{62B80DD6-F1D3-4C10-A92F-16220D41D6CA}.Debug|x86.Build.0 = Debug|Any CPU
		{62B80DD6-F1D3-4C10-A92F-16220D41D6CA}.Release|Any CPU.ActiveCfg = Release|Any CPU
		{62B80DD6-F1D3-4C10-A92F-16220D41D6CA}.Release|Any CPU.Build.0 = Release|Any CPU
		{62B80DD6-F1D3-4C10-A92F-16220D41D6CA}.Release|x86.ActiveCfg = Release|Any CPU
		{62B80DD6-F1D3-4C10-A92F-16220D41D6CA}.Release|x86.Build.0 = Release|Any CPU
		{D09E025F-67C2-48E5-A2A1-ECFCD860DEA1}.Debug|Any CPU.ActiveCfg = Debug|Any CPU
		{D09E025F-67C2-48E5-A2A1-ECFCD860DEA1}.Debug|Any CPU.Build.0 = Debug|Any CPU
		{D09E025F-67C2-48E5-A2A1-ECFCD860DEA1}.Debug|x86.ActiveCfg = Debug|Any CPU
		{D09E025F-67C2-48E5-A2A1-ECFCD860DEA1}.Debug|x86.Build.0 = Debug|Any CPU
		{D09E025F-67C2-48E5-A2A1-ECFCD860DEA1}.Release|Any CPU.ActiveCfg = Release|Any CPU
		{D09E025F-67C2-48E5-A2A1-ECFCD860DEA1}.Release|Any CPU.Build.0 = Release|Any CPU
		{D09E025F-67C2-48E5-A2A1-ECFCD860DEA1}.Release|x86.ActiveCfg = Release|Any CPU
		{D09E025F-67C2-48E5-A2A1-ECFCD860DEA1}.Release|x86.Build.0 = Release|Any CPU
		{4BCEAC81-E484-400E-94C9-907307A5D353}.Debug|Any CPU.ActiveCfg = Debug|Any CPU
		{4BCEAC81-E484-400E-94C9-907307A5D353}.Debug|Any CPU.Build.0 = Debug|Any CPU
		{4BCEAC81-E484-400E-94C9-907307A5D353}.Debug|x86.ActiveCfg = Debug|Any CPU
		{4BCEAC81-E484-400E-94C9-907307A5D353}.Debug|x86.Build.0 = Debug|Any CPU
		{4BCEAC81-E484-400E-94C9-907307A5D353}.Release|Any CPU.ActiveCfg = Release|Any CPU
		{4BCEAC81-E484-400E-94C9-907307A5D353}.Release|Any CPU.Build.0 = Release|Any CPU
		{4BCEAC81-E484-400E-94C9-907307A5D353}.Release|x86.ActiveCfg = Release|Any CPU
		{4BCEAC81-E484-400E-94C9-907307A5D353}.Release|x86.Build.0 = Release|Any CPU
		{678B39B1-249E-4940-8B8D-CBFDB345AE70}.Debug|Any CPU.ActiveCfg = Debug|Any CPU
		{678B39B1-249E-4940-8B8D-CBFDB345AE70}.Debug|Any CPU.Build.0 = Debug|Any CPU
		{678B39B1-249E-4940-8B8D-CBFDB345AE70}.Debug|x86.ActiveCfg = Debug|Any CPU
		{678B39B1-249E-4940-8B8D-CBFDB345AE70}.Debug|x86.Build.0 = Debug|Any CPU
		{678B39B1-249E-4940-8B8D-CBFDB345AE70}.Release|Any CPU.ActiveCfg = Release|Any CPU
		{678B39B1-249E-4940-8B8D-CBFDB345AE70}.Release|Any CPU.Build.0 = Release|Any CPU
		{678B39B1-249E-4940-8B8D-CBFDB345AE70}.Release|x86.ActiveCfg = Release|Any CPU
		{678B39B1-249E-4940-8B8D-CBFDB345AE70}.Release|x86.Build.0 = Release|Any CPU
		{37752576-079C-4768-8386-D6CEFE5FFFEC}.Debug|Any CPU.ActiveCfg = Debug|Any CPU
		{37752576-079C-4768-8386-D6CEFE5FFFEC}.Debug|Any CPU.Build.0 = Debug|Any CPU
		{37752576-079C-4768-8386-D6CEFE5FFFEC}.Debug|x86.ActiveCfg = Debug|Any CPU
		{37752576-079C-4768-8386-D6CEFE5FFFEC}.Debug|x86.Build.0 = Debug|Any CPU
		{37752576-079C-4768-8386-D6CEFE5FFFEC}.Release|Any CPU.ActiveCfg = Release|Any CPU
		{37752576-079C-4768-8386-D6CEFE5FFFEC}.Release|Any CPU.Build.0 = Release|Any CPU
		{37752576-079C-4768-8386-D6CEFE5FFFEC}.Release|x86.ActiveCfg = Release|Any CPU
		{37752576-079C-4768-8386-D6CEFE5FFFEC}.Release|x86.Build.0 = Release|Any CPU
		{B9E0F6D0-AB35-49F2-92AB-A3898C4CE39C}.Debug|Any CPU.ActiveCfg = Debug|Any CPU
		{B9E0F6D0-AB35-49F2-92AB-A3898C4CE39C}.Debug|Any CPU.Build.0 = Debug|Any CPU
		{B9E0F6D0-AB35-49F2-92AB-A3898C4CE39C}.Debug|x86.ActiveCfg = Debug|Any CPU
		{B9E0F6D0-AB35-49F2-92AB-A3898C4CE39C}.Debug|x86.Build.0 = Debug|Any CPU
		{B9E0F6D0-AB35-49F2-92AB-A3898C4CE39C}.Release|Any CPU.ActiveCfg = Release|Any CPU
		{B9E0F6D0-AB35-49F2-92AB-A3898C4CE39C}.Release|Any CPU.Build.0 = Release|Any CPU
		{B9E0F6D0-AB35-49F2-92AB-A3898C4CE39C}.Release|x86.ActiveCfg = Release|Any CPU
		{B9E0F6D0-AB35-49F2-92AB-A3898C4CE39C}.Release|x86.Build.0 = Release|Any CPU
		{93817174-EBEE-4A9B-8FC7-A29D6DC40715}.Debug|Any CPU.ActiveCfg = Debug|Any CPU
		{93817174-EBEE-4A9B-8FC7-A29D6DC40715}.Debug|Any CPU.Build.0 = Debug|Any CPU
		{93817174-EBEE-4A9B-8FC7-A29D6DC40715}.Debug|x86.ActiveCfg = Debug|Any CPU
		{93817174-EBEE-4A9B-8FC7-A29D6DC40715}.Debug|x86.Build.0 = Debug|Any CPU
		{93817174-EBEE-4A9B-8FC7-A29D6DC40715}.Release|Any CPU.ActiveCfg = Release|Any CPU
		{93817174-EBEE-4A9B-8FC7-A29D6DC40715}.Release|Any CPU.Build.0 = Release|Any CPU
		{93817174-EBEE-4A9B-8FC7-A29D6DC40715}.Release|x86.ActiveCfg = Release|Any CPU
		{93817174-EBEE-4A9B-8FC7-A29D6DC40715}.Release|x86.Build.0 = Release|Any CPU
		{18D66F22-1FAB-439A-8D2E-460220821737}.Debug|Any CPU.ActiveCfg = Debug|Any CPU
		{18D66F22-1FAB-439A-8D2E-460220821737}.Debug|Any CPU.Build.0 = Debug|Any CPU
		{18D66F22-1FAB-439A-8D2E-460220821737}.Debug|x86.ActiveCfg = Debug|Any CPU
		{18D66F22-1FAB-439A-8D2E-460220821737}.Debug|x86.Build.0 = Debug|Any CPU
		{18D66F22-1FAB-439A-8D2E-460220821737}.Release|Any CPU.ActiveCfg = Release|Any CPU
		{18D66F22-1FAB-439A-8D2E-460220821737}.Release|Any CPU.Build.0 = Release|Any CPU
		{18D66F22-1FAB-439A-8D2E-460220821737}.Release|x86.ActiveCfg = Release|Any CPU
		{18D66F22-1FAB-439A-8D2E-460220821737}.Release|x86.Build.0 = Release|Any CPU
		{6D9D74C7-5718-44F7-A4AC-D0C258C2EE48}.Debug|Any CPU.ActiveCfg = Debug|Any CPU
		{6D9D74C7-5718-44F7-A4AC-D0C258C2EE48}.Debug|Any CPU.Build.0 = Debug|Any CPU
		{6D9D74C7-5718-44F7-A4AC-D0C258C2EE48}.Debug|x86.ActiveCfg = Debug|Any CPU
		{6D9D74C7-5718-44F7-A4AC-D0C258C2EE48}.Debug|x86.Build.0 = Debug|Any CPU
		{6D9D74C7-5718-44F7-A4AC-D0C258C2EE48}.Release|Any CPU.ActiveCfg = Release|Any CPU
		{6D9D74C7-5718-44F7-A4AC-D0C258C2EE48}.Release|Any CPU.Build.0 = Release|Any CPU
		{6D9D74C7-5718-44F7-A4AC-D0C258C2EE48}.Release|x86.ActiveCfg = Release|Any CPU
		{6D9D74C7-5718-44F7-A4AC-D0C258C2EE48}.Release|x86.Build.0 = Release|Any CPU
	EndGlobalSection
	GlobalSection(SolutionProperties) = preSolution
		HideSolutionNode = FALSE
	EndGlobalSection
	GlobalSection(NestedProjects) = preSolution
		{D98FF4B5-A07A-4533-81A5-1129265FD478} = {1CB44196-9CB8-417F-B046-3DFF3653BB5F}
		{D09E025F-67C2-48E5-A2A1-ECFCD860DEA1} = {AD3B3FD7-91D2-4FEC-AAC7-6F21F1791D1C}
		{678B39B1-249E-4940-8B8D-CBFDB345AE70} = {AD3B3FD7-91D2-4FEC-AAC7-6F21F1791D1C}
		{37752576-079C-4768-8386-D6CEFE5FFFEC} = {9BA35D38-BDB5-4236-8945-567C6F02DE02}
		{93817174-EBEE-4A9B-8FC7-A29D6DC40715} = {AD3B3FD7-91D2-4FEC-AAC7-6F21F1791D1C}
		{6D9D74C7-5718-44F7-A4AC-D0C258C2EE48} = {1CB44196-9CB8-417F-B046-3DFF3653BB5F}
	EndGlobalSection
	GlobalSection(ExtensibilityGlobals) = postSolution
		SolutionGuid = {03CF884F-3A92-49FC-A46A-1ED849AA18D2}
	EndGlobalSection
EndGlobal
