
Microsoft Visual Studio Solution File, Format Version 12.00
# Visual Studio 15
VisualStudioVersion = 15.0.27130.2036
MinimumVisualStudioVersion = 10.0.40219.1
Project("{FAE04EC0-301F-11D3-BF4B-00C04F79EFBC}") = "MvvmLightSample1", "MvvmLightSample1\MvvmLightSample1.csproj", "{D98FF4B5-A07A-4533-81A5-1129265FD478}"
EndProject
Project("{FAE04EC0-301F-11D3-BF4B-00C04F79EFBC}") = "Uv5kiNbxSimV2", "Uv5kiNbxSimV2\Uv5kiNbxSimV2.csproj", "{62B80DD6-F1D3-4C10-A92F-16220D41D6CA}"
EndProject
Project("{FAE04EC0-301F-11D3-BF4B-00C04F79EFBC}") = "CoreSipNet", "CoreSipNet\CoreSipNet.csproj", "{D09E025F-67C2-48E5-A2A1-ECFCD860DEA1}"
EndProject
Project("{FAE04EC0-301F-11D3-BF4B-00C04F79EFBC}") = "RadioVoipSimV2", "RadioVoipSimV2\RadioVoipSimV2.csproj", "{4BCEAC81-E484-400E-94C9-907307A5D353}"
EndProject
Project("{FAE04EC0-301F-11D3-BF4B-00C04F79EFBC}") = "MyWpfControlLibrary", "MyWpfControlLibrary\MyWpfControlLibrary.csproj", "{678B39B1-249E-4940-8B8D-CBFDB345AE70}"
EndProject
Project("{FAE04EC0-301F-11D3-BF4B-00C04F79EFBC}") = "UnitsTestProject", "UnitsTestProject\UnitsTestProject.csproj", "{37752576-079C-4768-8386-D6CEFE5FFFEC}"
EndProject
Global
	GlobalSection(SolutionConfigurationPlatforms) = preSolution
		Debug|Any CPU = Debug|Any CPU
		Release|Any CPU = Release|Any CPU
	EndGlobalSection
	GlobalSection(ProjectConfigurationPlatforms) = postSolution
		{D98FF4B5-A07A-4533-81A5-1129265FD478}.Debug|Any CPU.ActiveCfg = Debug|Any CPU
		{D98FF4B5-A07A-4533-81A5-1129265FD478}.Debug|Any CPU.Build.0 = Debug|Any CPU
		{D98FF4B5-A07A-4533-81A5-1129265FD478}.Release|Any CPU.ActiveCfg = Release|Any CPU
		{D98FF4B5-A07A-4533-81A5-1129265FD478}.Release|Any CPU.Build.0 = Release|Any CPU
		{62B80DD6-F1D3-4C10-A92F-16220D41D6CA}.Debug|Any CPU.ActiveCfg = Debug|Any CPU
		{62B80DD6-F1D3-4C10-A92F-16220D41D6CA}.Debug|Any CPU.Build.0 = Debug|Any CPU
		{62B80DD6-F1D3-4C10-A92F-16220D41D6CA}.Release|Any CPU.ActiveCfg = Release|Any CPU
		{62B80DD6-F1D3-4C10-A92F-16220D41D6CA}.Release|Any CPU.Build.0 = Release|Any CPU
		{D09E025F-67C2-48E5-A2A1-ECFCD860DEA1}.Debug|Any CPU.ActiveCfg = Debug|Any CPU
		{D09E025F-67C2-48E5-A2A1-ECFCD860DEA1}.Debug|Any CPU.Build.0 = Debug|Any CPU
		{D09E025F-67C2-48E5-A2A1-ECFCD860DEA1}.Release|Any CPU.ActiveCfg = Release|Any CPU
		{D09E025F-67C2-48E5-A2A1-ECFCD860DEA1}.Release|Any CPU.Build.0 = Release|Any CPU
		{4BCEAC81-E484-400E-94C9-907307A5D353}.Debug|Any CPU.ActiveCfg = Debug|Any CPU
		{4BCEAC81-E484-400E-94C9-907307A5D353}.Debug|Any CPU.Build.0 = Debug|Any CPU
		{4BCEAC81-E484-400E-94C9-907307A5D353}.Release|Any CPU.ActiveCfg = Release|Any CPU
		{4BCEAC81-E484-400E-94C9-907307A5D353}.Release|Any CPU.Build.0 = Release|Any CPU
		{678B39B1-249E-4940-8B8D-CBFDB345AE70}.Debug|Any CPU.ActiveCfg = Debug|Any CPU
		{678B39B1-249E-4940-8B8D-CBFDB345AE70}.Debug|Any CPU.Build.0 = Debug|Any CPU
		{678B39B1-249E-4940-8B8D-CBFDB345AE70}.Release|Any CPU.ActiveCfg = Release|Any CPU
		{678B39B1-249E-4940-8B8D-CBFDB345AE70}.Release|Any CPU.Build.0 = Release|Any CPU
		{37752576-079C-4768-8386-D6CEFE5FFFEC}.Debug|Any CPU.ActiveCfg = Debug|Any CPU
		{37752576-079C-4768-8386-D6CEFE5FFFEC}.Debug|Any CPU.Build.0 = Debug|Any CPU
		{37752576-079C-4768-8386-D6CEFE5FFFEC}.Release|Any CPU.ActiveCfg = Release|Any CPU
		{37752576-079C-4768-8386-D6CEFE5FFFEC}.Release|Any CPU.Build.0 = Release|Any CPU
	EndGlobalSection
	GlobalSection(SolutionProperties) = preSolution
		HideSolutionNode = FALSE
	EndGlobalSection
	GlobalSection(ExtensibilityGlobals) = postSolution
		SolutionGuid = {03CF884F-3A92-49FC-A46A-1ED849AA18D2}
	EndGlobalSection
EndGlobal
